Microsoft Visual Studio Solution File, Format Version 12.00
# Visual Studio Version 17
VisualStudioVersion = 17.5.2.0
MinimumVisualStudioVersion = 10.0.40219.1
Project("{FAE04EC0-301F-11D3-BF4B-00C04F79EFBC}") = "diferenca", "diferenca.csproj", "{EBF9D8AA-BE44-B9E3-9848-86DF73E9F66E}"
EndProject
Global
	GlobalSection(SolutionConfigurationPlatforms) = preSolution
		Debug|Any CPU = Debug|Any CPU
		Release|Any CPU = Release|Any CPU
	EndGlobalSection
	GlobalSection(ProjectConfigurationPlatforms) = postSolution
		{EBF9D8AA-BE44-B9E3-9848-86DF73E9F66E}.Debug|Any CPU.ActiveCfg = Debug|Any CPU
		{EBF9D8AA-BE44-B9E3-9848-86DF73E9F66E}.Debug|Any CPU.Build.0 = Debug|Any CPU
		{EBF9D8AA-BE44-B9E3-9848-86DF73E9F66E}.Release|Any CPU.ActiveCfg = Release|Any CPU
		{EBF9D8AA-BE44-B9E3-9848-86DF73E9F66E}.Release|Any CPU.Build.0 = Release|Any CPU
	EndGlobalSection
	GlobalSection(SolutionProperties) = preSolution
		HideSolutionNode = FALSE
	EndGlobalSection
	GlobalSection(ExtensibilityGlobals) = postSolution
		SolutionGuid = {D74FAF08-5D61-4E09-841A-05D14E053715}
	EndGlobalSection
EndGlobal
