Microsoft Visual Studio Solution File, Format Version 12.00
# Visual Studio Version 17
VisualStudioVersion = 17.5.2.0
MinimumVisualStudioVersion = 10.0.40219.1
Project("{FAE04EC0-301F-11D3-BF4B-00C04F79EFBC}") = "feijoada", "feijoada.csproj", "{AB5C4E90-7954-50CF-4C3C-FBEE62FD288F}"
EndProject
Global
	GlobalSection(SolutionConfigurationPlatforms) = preSolution
		Debug|Any CPU = Debug|Any CPU
		Release|Any CPU = Release|Any CPU
	EndGlobalSection
	GlobalSection(ProjectConfigurationPlatforms) = postSolution
		{AB5C4E90-7954-50CF-4C3C-FBEE62FD288F}.Debug|Any CPU.ActiveCfg = Debug|Any CPU
		{AB5C4E90-7954-50CF-4C3C-FBEE62FD288F}.Debug|Any CPU.Build.0 = Debug|Any CPU
		{AB5C4E90-7954-50CF-4C3C-FBEE62FD288F}.Release|Any CPU.ActiveCfg = Release|Any CPU
		{AB5C4E90-7954-50CF-4C3C-FBEE62FD288F}.Release|Any CPU.Build.0 = Release|Any CPU
	EndGlobalSection
	GlobalSection(SolutionProperties) = preSolution
		HideSolutionNode = FALSE
	EndGlobalSection
	GlobalSection(ExtensibilityGlobals) = postSolution
		SolutionGuid = {F7E04A9F-1958-45BD-AF04-71C3DC13CC6C}
	EndGlobalSection
EndGlobal
