Microsoft Visual Studio Solution File, Format Version 12.00
# Visual Studio Version 17
VisualStudioVersion = 17.5.2.0
MinimumVisualStudioVersion = 10.0.40219.1
Project("{FAE04EC0-301F-11D3-BF4B-00C04F79EFBC}") = "area", "area.csproj", "{96CA4BA7-2F9F-C290-E3B1-82E154938223}"
EndProject
Global
	GlobalSection(SolutionConfigurationPlatforms) = preSolution
		Debug|Any CPU = Debug|Any CPU
		Release|Any CPU = Release|Any CPU
	EndGlobalSection
	GlobalSection(ProjectConfigurationPlatforms) = postSolution
		{96CA4BA7-2F9F-C290-E3B1-82E154938223}.Debug|Any CPU.ActiveCfg = Debug|Any CPU
		{96CA4BA7-2F9F-C290-E3B1-82E154938223}.Debug|Any CPU.Build.0 = Debug|Any CPU
		{96CA4BA7-2F9F-C290-E3B1-82E154938223}.Release|Any CPU.ActiveCfg = Release|Any CPU
		{96CA4BA7-2F9F-C290-E3B1-82E154938223}.Release|Any CPU.Build.0 = Release|Any CPU
	EndGlobalSection
	GlobalSection(SolutionProperties) = preSolution
		HideSolutionNode = FALSE
	EndGlobalSection
	GlobalSection(ExtensibilityGlobals) = postSolution
		SolutionGuid = {C771DC5C-C78A-4CFD-9423-97DD80B8D0B1}
	EndGlobalSection
EndGlobal
